
Microsoft Visual Studio Solution File, Format Version 12.00
# Visual Studio 2013
VisualStudioVersion = 12.0.30501.0
MinimumVisualStudioVersion = 10.0.40219.1
Project("{FAE04EC0-301F-11D3-BF4B-00C04F79EFBC}") = "DataRepository", "DataRepository\DataRepository.csproj", "{2C07FF57-595D-4717-8C90-3DA248898D6D}"
EndProject
Project("{FAE04EC0-301F-11D3-BF4B-00C04F79EFBC}") = "Entity", "Entity\Entity.csproj", "{5C08F63A-7418-45DE-BF1D-0C5337927B37}"
EndProject
Project("{FAE04EC0-301F-11D3-BF4B-00C04F79EFBC}") = "Service", "Service\Service.csproj", "{1D1AFE51-E7C8-4888-B18C-26B92A38A6AB}"
EndProject
Project("{FAE04EC0-301F-11D3-BF4B-00C04F79EFBC}") = "Common", "Common\Common.csproj", "{5ED0A578-FE0E-4E6E-A1CB-F69761278183}"
EndProject
Project("{FAE04EC0-301F-11D3-BF4B-00C04F79EFBC}") = "Infrastructure", "Infrastructure\Infrastructure.csproj", "{13365811-32BA-422C-91C3-CA359A76FD53}"
EndProject
Project("{FAE04EC0-301F-11D3-BF4B-00C04F79EFBC}") = "Print", "Print\Print.csproj", "{3291BF6E-44B3-4E07-BC06-502E145B79E3}"
EndProject
Project("{FAE04EC0-301F-11D3-BF4B-00C04F79EFBC}") = "GuoChe", "Guoche\GuoChe.csproj", "{9A56A0A0-008E-4755-A9F8-6B6871227198}"
EndProject
Global
	GlobalSection(SolutionConfigurationPlatforms) = preSolution
		Debug|Any CPU = Debug|Any CPU
		Release|Any CPU = Release|Any CPU
	EndGlobalSection
	GlobalSection(ProjectConfigurationPlatforms) = postSolution
		{2C07FF57-595D-4717-8C90-3DA248898D6D}.Debug|Any CPU.ActiveCfg = Debug|Any CPU
		{2C07FF57-595D-4717-8C90-3DA248898D6D}.Debug|Any CPU.Build.0 = Debug|Any CPU
		{2C07FF57-595D-4717-8C90-3DA248898D6D}.Release|Any CPU.ActiveCfg = Release|Any CPU
		{2C07FF57-595D-4717-8C90-3DA248898D6D}.Release|Any CPU.Build.0 = Release|Any CPU
		{5C08F63A-7418-45DE-BF1D-0C5337927B37}.Debug|Any CPU.ActiveCfg = Debug|Any CPU
		{5C08F63A-7418-45DE-BF1D-0C5337927B37}.Debug|Any CPU.Build.0 = Debug|Any CPU
		{5C08F63A-7418-45DE-BF1D-0C5337927B37}.Release|Any CPU.ActiveCfg = Release|Any CPU
		{5C08F63A-7418-45DE-BF1D-0C5337927B37}.Release|Any CPU.Build.0 = Release|Any CPU
		{1D1AFE51-E7C8-4888-B18C-26B92A38A6AB}.Debug|Any CPU.ActiveCfg = Debug|Any CPU
		{1D1AFE51-E7C8-4888-B18C-26B92A38A6AB}.Debug|Any CPU.Build.0 = Debug|Any CPU
		{1D1AFE51-E7C8-4888-B18C-26B92A38A6AB}.Release|Any CPU.ActiveCfg = Release|Any CPU
		{1D1AFE51-E7C8-4888-B18C-26B92A38A6AB}.Release|Any CPU.Build.0 = Release|Any CPU
		{5ED0A578-FE0E-4E6E-A1CB-F69761278183}.Debug|Any CPU.ActiveCfg = Debug|Any CPU
		{5ED0A578-FE0E-4E6E-A1CB-F69761278183}.Debug|Any CPU.Build.0 = Debug|Any CPU
		{5ED0A578-FE0E-4E6E-A1CB-F69761278183}.Release|Any CPU.ActiveCfg = Release|Any CPU
		{5ED0A578-FE0E-4E6E-A1CB-F69761278183}.Release|Any CPU.Build.0 = Release|Any CPU
		{13365811-32BA-422C-91C3-CA359A76FD53}.Debug|Any CPU.ActiveCfg = Debug|Any CPU
		{13365811-32BA-422C-91C3-CA359A76FD53}.Debug|Any CPU.Build.0 = Debug|Any CPU
		{13365811-32BA-422C-91C3-CA359A76FD53}.Release|Any CPU.ActiveCfg = Release|Any CPU
		{13365811-32BA-422C-91C3-CA359A76FD53}.Release|Any CPU.Build.0 = Release|Any CPU
		{3291BF6E-44B3-4E07-BC06-502E145B79E3}.Debug|Any CPU.ActiveCfg = Debug|Any CPU
		{3291BF6E-44B3-4E07-BC06-502E145B79E3}.Debug|Any CPU.Build.0 = Debug|Any CPU
		{3291BF6E-44B3-4E07-BC06-502E145B79E3}.Release|Any CPU.ActiveCfg = Release|Any CPU
		{3291BF6E-44B3-4E07-BC06-502E145B79E3}.Release|Any CPU.Build.0 = Release|Any CPU
		{9A56A0A0-008E-4755-A9F8-6B6871227198}.Debug|Any CPU.ActiveCfg = Debug|Any CPU
		{9A56A0A0-008E-4755-A9F8-6B6871227198}.Debug|Any CPU.Build.0 = Debug|Any CPU
		{9A56A0A0-008E-4755-A9F8-6B6871227198}.Release|Any CPU.ActiveCfg = Release|Any CPU
		{9A56A0A0-008E-4755-A9F8-6B6871227198}.Release|Any CPU.Build.0 = Release|Any CPU
	EndGlobalSection
	GlobalSection(SolutionProperties) = preSolution
		HideSolutionNode = FALSE
	EndGlobalSection
EndGlobal
